
Microsoft Visual Studio Solution File, Format Version 12.00
# Visual Studio Version 17
VisualStudioVersion = 17.2.32616.157
MinimumVisualStudioVersion = 10.0.40219.1
Project("{8BC9CEB8-8B4A-11D0-8D11-00A0C91BC942}") = "WaterMelonGUI", "WaterMelonGUI\WaterMelonEngine.vcxproj", "{B0D18FD1-6CA7-4699-8797-07775244688A}"
EndProject
Project("{8BC9CEB8-8B4A-11D0-8D11-00A0C91BC942}") = "WaterMelon", "WaterMelon\WaterMelon.vcxproj", "{24E25EBC-FA54-4A42-8CE3-F3D4DB86A7A3}"
EndProject
Project("{9A19103F-16F7-4668-BE54-9A1E7A4F7556}") = "PreInitializedDataGenerator", "PreInitializedDataGenerator\PreInitializedDataGenerator.csproj", "{9284C9B3-04A4-4406-9A43-AC4F24603E88}"
EndProject
Project("{8BC9CEB8-8B4A-11D0-8D11-00A0C91BC942}") = "WaterMelonTester", "WaterMelonTester\WaterMelonTester.vcxproj", "{C2CFE130-97B6-45AB-9A80-F8015F7956A1}"
EndProject
Project("{9A19103F-16F7-4668-BE54-9A1E7A4F7556}") = "PiecePlacementBonusesEditor", "PiecePlacementBonusesEditor\PiecePlacementBonusesEditor.csproj", "{0E1A11A5-E306-4BC7-91B2-AA769D889C7B}"
EndProject
Project("{FAE04EC0-301F-11D3-BF4B-00C04F79EFBC}") = "CodeGenerator", "CodeGenerator\CodeGenerator.csproj", "{A6CDBEF1-6968-470D-97DD-C1C3F6797BA6}"
EndProject
Global
	GlobalSection(SolutionConfigurationPlatforms) = preSolution
		Debug|Any CPU = Debug|Any CPU
		Debug|x64 = Debug|x64
		Debug|x86 = Debug|x86
		Release|Any CPU = Release|Any CPU
		Release|x64 = Release|x64
		Release|x86 = Release|x86
	EndGlobalSection
	GlobalSection(ProjectConfigurationPlatforms) = postSolution
		{B0D18FD1-6CA7-4699-8797-07775244688A}.Debug|Any CPU.ActiveCfg = Debug|x64
		{B0D18FD1-6CA7-4699-8797-07775244688A}.Debug|Any CPU.Build.0 = Debug|x64
		{B0D18FD1-6CA7-4699-8797-07775244688A}.Debug|x64.ActiveCfg = Debug|x64
		{B0D18FD1-6CA7-4699-8797-07775244688A}.Debug|x64.Build.0 = Debug|x64
		{B0D18FD1-6CA7-4699-8797-07775244688A}.Debug|x86.ActiveCfg = Debug|Win32
		{B0D18FD1-6CA7-4699-8797-07775244688A}.Debug|x86.Build.0 = Debug|Win32
		{B0D18FD1-6CA7-4699-8797-07775244688A}.Release|Any CPU.ActiveCfg = Release|x64
		{B0D18FD1-6CA7-4699-8797-07775244688A}.Release|Any CPU.Build.0 = Release|x64
		{B0D18FD1-6CA7-4699-8797-07775244688A}.Release|x64.ActiveCfg = Release|x64
		{B0D18FD1-6CA7-4699-8797-07775244688A}.Release|x64.Build.0 = Release|x64
		{B0D18FD1-6CA7-4699-8797-07775244688A}.Release|x86.ActiveCfg = Release|Win32
		{B0D18FD1-6CA7-4699-8797-07775244688A}.Release|x86.Build.0 = Release|Win32
		{24E25EBC-FA54-4A42-8CE3-F3D4DB86A7A3}.Debug|Any CPU.ActiveCfg = Debug|x64
		{24E25EBC-FA54-4A42-8CE3-F3D4DB86A7A3}.Debug|Any CPU.Build.0 = Debug|x64
		{24E25EBC-FA54-4A42-8CE3-F3D4DB86A7A3}.Debug|x64.ActiveCfg = Debug|x64
		{24E25EBC-FA54-4A42-8CE3-F3D4DB86A7A3}.Debug|x64.Build.0 = Debug|x64
		{24E25EBC-FA54-4A42-8CE3-F3D4DB86A7A3}.Debug|x86.ActiveCfg = Debug|Win32
		{24E25EBC-FA54-4A42-8CE3-F3D4DB86A7A3}.Debug|x86.Build.0 = Debug|Win32
		{24E25EBC-FA54-4A42-8CE3-F3D4DB86A7A3}.Release|Any CPU.ActiveCfg = Release|x64
		{24E25EBC-FA54-4A42-8CE3-F3D4DB86A7A3}.Release|Any CPU.Build.0 = Release|x64
		{24E25EBC-FA54-4A42-8CE3-F3D4DB86A7A3}.Release|x64.ActiveCfg = Release|x64
		{24E25EBC-FA54-4A42-8CE3-F3D4DB86A7A3}.Release|x64.Build.0 = Release|x64
		{24E25EBC-FA54-4A42-8CE3-F3D4DB86A7A3}.Release|x86.ActiveCfg = Release|Win32
		{24E25EBC-FA54-4A42-8CE3-F3D4DB86A7A3}.Release|x86.Build.0 = Release|Win32
		{9284C9B3-04A4-4406-9A43-AC4F24603E88}.Debug|Any CPU.ActiveCfg = Debug|Any CPU
		{9284C9B3-04A4-4406-9A43-AC4F24603E88}.Debug|Any CPU.Build.0 = Debug|Any CPU
		{9284C9B3-04A4-4406-9A43-AC4F24603E88}.Debug|x64.ActiveCfg = Debug|Any CPU
		{9284C9B3-04A4-4406-9A43-AC4F24603E88}.Debug|x64.Build.0 = Debug|Any CPU
		{9284C9B3-04A4-4406-9A43-AC4F24603E88}.Debug|x86.ActiveCfg = Debug|Any CPU
		{9284C9B3-04A4-4406-9A43-AC4F24603E88}.Debug|x86.Build.0 = Debug|Any CPU
		{9284C9B3-04A4-4406-9A43-AC4F24603E88}.Release|Any CPU.ActiveCfg = Release|Any CPU
		{9284C9B3-04A4-4406-9A43-AC4F24603E88}.Release|Any CPU.Build.0 = Release|Any CPU
		{9284C9B3-04A4-4406-9A43-AC4F24603E88}.Release|x64.ActiveCfg = Release|Any CPU
		{9284C9B3-04A4-4406-9A43-AC4F24603E88}.Release|x64.Build.0 = Release|Any CPU
		{9284C9B3-04A4-4406-9A43-AC4F24603E88}.Release|x86.ActiveCfg = Release|Any CPU
		{9284C9B3-04A4-4406-9A43-AC4F24603E88}.Release|x86.Build.0 = Release|Any CPU
		{C2CFE130-97B6-45AB-9A80-F8015F7956A1}.Debug|Any CPU.ActiveCfg = Debug|x64
		{C2CFE130-97B6-45AB-9A80-F8015F7956A1}.Debug|Any CPU.Build.0 = Debug|x64
		{C2CFE130-97B6-45AB-9A80-F8015F7956A1}.Debug|x64.ActiveCfg = Debug|x64
		{C2CFE130-97B6-45AB-9A80-F8015F7956A1}.Debug|x64.Build.0 = Debug|x64
		{C2CFE130-97B6-45AB-9A80-F8015F7956A1}.Debug|x86.ActiveCfg = Debug|Win32
		{C2CFE130-97B6-45AB-9A80-F8015F7956A1}.Debug|x86.Build.0 = Debug|Win32
		{C2CFE130-97B6-45AB-9A80-F8015F7956A1}.Release|Any CPU.ActiveCfg = Release|x64
		{C2CFE130-97B6-45AB-9A80-F8015F7956A1}.Release|Any CPU.Build.0 = Release|x64
		{C2CFE130-97B6-45AB-9A80-F8015F7956A1}.Release|x64.ActiveCfg = Release|x64
		{C2CFE130-97B6-45AB-9A80-F8015F7956A1}.Release|x64.Build.0 = Release|x64
		{C2CFE130-97B6-45AB-9A80-F8015F7956A1}.Release|x86.ActiveCfg = Release|Win32
		{C2CFE130-97B6-45AB-9A80-F8015F7956A1}.Release|x86.Build.0 = Release|Win32
		{0E1A11A5-E306-4BC7-91B2-AA769D889C7B}.Debug|Any CPU.ActiveCfg = Debug|Any CPU
		{0E1A11A5-E306-4BC7-91B2-AA769D889C7B}.Debug|Any CPU.Build.0 = Debug|Any CPU
		{0E1A11A5-E306-4BC7-91B2-AA769D889C7B}.Debug|x64.ActiveCfg = Debug|Any CPU
		{0E1A11A5-E306-4BC7-91B2-AA769D889C7B}.Debug|x64.Build.0 = Debug|Any CPU
		{0E1A11A5-E306-4BC7-91B2-AA769D889C7B}.Debug|x86.ActiveCfg = Debug|Any CPU
		{0E1A11A5-E306-4BC7-91B2-AA769D889C7B}.Debug|x86.Build.0 = Debug|Any CPU
		{0E1A11A5-E306-4BC7-91B2-AA769D889C7B}.Release|Any CPU.ActiveCfg = Release|Any CPU
		{0E1A11A5-E306-4BC7-91B2-AA769D889C7B}.Release|Any CPU.Build.0 = Release|Any CPU
		{0E1A11A5-E306-4BC7-91B2-AA769D889C7B}.Release|x64.ActiveCfg = Release|Any CPU
		{0E1A11A5-E306-4BC7-91B2-AA769D889C7B}.Release|x64.Build.0 = Release|Any CPU
		{0E1A11A5-E306-4BC7-91B2-AA769D889C7B}.Release|x86.ActiveCfg = Release|Any CPU
		{0E1A11A5-E306-4BC7-91B2-AA769D889C7B}.Release|x86.Build.0 = Release|Any CPU
		{A6CDBEF1-6968-470D-97DD-C1C3F6797BA6}.Debug|Any CPU.ActiveCfg = Debug|Any CPU
		{A6CDBEF1-6968-470D-97DD-C1C3F6797BA6}.Debug|Any CPU.Build.0 = Debug|Any CPU
		{A6CDBEF1-6968-470D-97DD-C1C3F6797BA6}.Debug|x64.ActiveCfg = Debug|Any CPU
		{A6CDBEF1-6968-470D-97DD-C1C3F6797BA6}.Debug|x64.Build.0 = Debug|Any CPU
		{A6CDBEF1-6968-470D-97DD-C1C3F6797BA6}.Debug|x86.ActiveCfg = Debug|Any CPU
		{A6CDBEF1-6968-470D-97DD-C1C3F6797BA6}.Debug|x86.Build.0 = Debug|Any CPU
		{A6CDBEF1-6968-470D-97DD-C1C3F6797BA6}.Release|Any CPU.ActiveCfg = Release|Any CPU
		{A6CDBEF1-6968-470D-97DD-C1C3F6797BA6}.Release|Any CPU.Build.0 = Release|Any CPU
		{A6CDBEF1-6968-470D-97DD-C1C3F6797BA6}.Release|x64.ActiveCfg = Release|Any CPU
		{A6CDBEF1-6968-470D-97DD-C1C3F6797BA6}.Release|x64.Build.0 = Release|Any CPU
		{A6CDBEF1-6968-470D-97DD-C1C3F6797BA6}.Release|x86.ActiveCfg = Release|Any CPU
		{A6CDBEF1-6968-470D-97DD-C1C3F6797BA6}.Release|x86.Build.0 = Release|Any CPU
	EndGlobalSection
	GlobalSection(SolutionProperties) = preSolution
		HideSolutionNode = FALSE
	EndGlobalSection
	GlobalSection(ExtensibilityGlobals) = postSolution
		SolutionGuid = {3514BDA6-5A0D-4DB4-8922-EE084E12D0F2}
	EndGlobalSection
EndGlobal
