<?xml version="1.0" encoding="utf-8"?>
<Project ToolsVersion="4.0" xmlns="http://schemas.microsoft.com/developer/msbuild/2003">
  <ItemGroup>
    <Filter Include="Source Files">
      <UniqueIdentifier>{4FC737F1-C7A5-4376-A066-2A32D752A2FF}</UniqueIdentifier>
      <Extensions>cpp;c;cc;cxx;c++;cppm;ixx;def;odl;idl;hpj;bat;asm;asmx</Extensions>
    </Filter>
    <Filter Include="Header Files">
      <UniqueIdentifier>{93995380-89BD-4b04-88EB-625FBE52EBFB}</UniqueIdentifier>
      <Extensions>h;hh;hpp;hxx;h++;hm;inl;inc;ipp;xsd</Extensions>
    </Filter>
    <Filter Include="Resource Files">
      <UniqueIdentifier>{67DA6AB6-F800-4c08-8B7A-83BB121AAD01}</UniqueIdentifier>
      <Extensions>rc;ico;cur;bmp;dlg;rc2;rct;bin;rgs;gif;jpg;jpeg;jpe;resx;tiff;tif;png;wav;mfcribbon-ms</Extensions>
    </Filter>
    <Filter Include="Header Files\BoardLogic">
      <UniqueIdentifier>{efcaa1c2-5436-4037-9377-af72b97bd11d}</UniqueIdentifier>
    </Filter>
    <Filter Include="Source Files\BoardLogic">
      <UniqueIdentifier>{5dce9dc8-4c0e-495d-a4d1-fdbe09bdd79b}</UniqueIdentifier>
    </Filter>
    <Filter Include="Header Files\BoardLogic\PreInitializeData">
      <UniqueIdentifier>{d5eccfc2-4b56-4dcd-b537-3b2b628a553f}</UniqueIdentifier>
    </Filter>
    <Filter Include="Source Files\GUI">
      <UniqueIdentifier>{fd211810-4267-4554-9328-769f1203f771}</UniqueIdentifier>
    </Filter>
    <Filter Include="Header Files\BoardLogic\PreInitializeData\Types">
      <UniqueIdentifier>{a17d3070-b4ef-4879-8a8c-1464498befb1}</UniqueIdentifier>
    </Filter>
  </ItemGroup>
  <ItemGroup>
    <ClCompile Include="Main.cpp">
      <Filter>Source Files</Filter>
    </ClCompile>
    <ClCompile Include="SafeWaterMelon.cpp">
      <Filter>Source Files</Filter>
    </ClCompile>
    <ClCompile Include="UnsafeWaterMelon.cpp">
      <Filter>Source Files\BoardLogic</Filter>
    </ClCompile>
    <ClCompile Include="PossibleMovesGenerator.cpp">
      <Filter>Source Files\BoardLogic</Filter>
    </ClCompile>
    <ClCompile Include="SDLHelper.cpp">
      <Filter>Source Files\GUI</Filter>
    </ClCompile>
    <ClCompile Include="GameOfChess.cpp">
      <Filter>Source Files\GUI</Filter>
    </ClCompile>
    <ClCompile Include="Logger.cpp">
      <Filter>Source Files</Filter>
    </ClCompile>
    <ClCompile Include="ThrowHelper.cpp">
      <Filter>Source Files</Filter>
    </ClCompile>
    <ClCompile Include="TypesIncludes.h">
      <Filter>Header Files\BoardLogic\PreInitializeData\Types</Filter>
    </ClCompile>
  </ItemGroup>
  <ItemGroup>
    <ClInclude Include="SafeWaterMelon.h">
      <Filter>Header Files</Filter>
    </ClInclude>
    <ClInclude Include="UnsafeWaterMelon.h">
      <Filter>Header Files\BoardLogic</Filter>
    </ClInclude>
    <ClInclude Include="PieceList.h">
      <Filter>Header Files\BoardLogic</Filter>
    </ClInclude>
    <ClInclude Include="FENUtility.h">
      <Filter>Header Files\BoardLogic\PreInitializeData</Filter>
    </ClInclude>
    <ClInclude Include="FENString.h">
      <Filter>Header Files</Filter>
    </ClInclude>
    <ClInclude Include="PossibleMovesGenerator.h">
      <Filter>Header Files\BoardLogic</Filter>
    </ClInclude>
    <ClInclude Include="Settings.h">
      <Filter>Header Files</Filter>
    </ClInclude>
    <ClInclude Include="Timer.h">
      <Filter>Header Files</Filter>
    </ClInclude>
    <ClInclude Include="Perft.h">
      <Filter>Header Files\BoardLogic</Filter>
    </ClInclude>
    <ClInclude Include="SDLHelper.h">
      <Filter>Source Files\GUI</Filter>
    </ClInclude>
    <ClInclude Include="GameOfChess.h">
      <Filter>Source Files\GUI</Filter>
    </ClInclude>
    <ClInclude Include="Defines.h">
      <Filter>Header Files</Filter>
    </ClInclude>
    <ClInclude Include="Logger.h">
      <Filter>Header Files</Filter>
    </ClInclude>
    <ClInclude Include="ThrowHelper.h">
      <Filter>Header Files</Filter>
    </ClInclude>
    <ClInclude Include="Piece.h">
      <Filter>Header Files\BoardLogic\PreInitializeData\Types</Filter>
    </ClInclude>
    <ClInclude Include="Move.h">
      <Filter>Header Files\BoardLogic\PreInitializeData\Types</Filter>
    </ClInclude>
    <ClInclude Include="Square.h">
      <Filter>Header Files\BoardLogic\PreInitializeData\Types</Filter>
    </ClInclude>
    <ClInclude Include="Bitboard.h">
      <Filter>Header Files\BoardLogic\PreInitializeData\Types</Filter>
    </ClInclude>
    <ClInclude Include="MoveFlag.h">
      <Filter>Header Files\BoardLogic\PreInitializeData\Types</Filter>
    </ClInclude>
    <ClInclude Include="Board.h">
      <Filter>Header Files\BoardLogic\PreInitializeData\Types</Filter>
    </ClInclude>
    <ClInclude Include="GameState.h">
      <Filter>Header Files\BoardLogic\PreInitializeData\Types</Filter>
    </ClInclude>
    <ClInclude Include="PieceBitboardMoves.h">
      <Filter>Header Files\BoardLogic\PreInitializeData</Filter>
    </ClInclude>
    <ClInclude Include="PieceOffsetMoves.h">
      <Filter>Header Files\BoardLogic\PreInitializeData</Filter>
    </ClInclude>
    <ClInclude Include="Offset.h">
      <Filter>Header Files\BoardLogic\PreInitializeData\Types</Filter>
    </ClInclude>
    <ClInclude Include="CastleRight.h">
      <Filter>Header Files\BoardLogic\PreInitializeData\Types</Filter>
    </ClInclude>
    <ClInclude Include="BoardStateSave.h">
      <Filter>Header Files\BoardLogic\PreInitializeData\Types</Filter>
    </ClInclude>
    <ClInclude Include="EnPassantPos.h">
      <Filter>Header Files\BoardLogic\PreInitializeData\Types</Filter>
    </ClInclude>
    <ClInclude Include="Direction.h">
      <Filter>Header Files\BoardLogic\PreInitializeData\Types</Filter>
    </ClInclude>
  </ItemGroup>
  <ItemGroup>
    <Text Include="Todo">
      <Filter>Source Files</Filter>
    </Text>
  </ItemGroup>
</Project>